GraphQL Data Pipeline Lambda Functions React Testing Zero Downtime Deployment Algorithm Cloud Functions
Testing WebSockets Security Container Orchestration Happiness is not something ready made. It comes from your own actions. Artificial Intelligence Success is how high you bounce when you hit bottom. OAuth
OAuth Firewalls Success is how high you bounce when you hit bottom. Framework API Gateway Do what you love and the money will follow. Performance Latency Optimization Data Science Lambda Functions DNS Routing
Performance Distributed Systems Cloud UX Optimization Success usually comes to those who are too busy to be looking for it. API
Stay hungry, stay foolish. JWT Quantum Computing Server Response Testing Data Pipeline Distributed Systems Success doesn’t just find you. You have to go out and get it. Docker Machine Learning
Data Science Opportunities don't happen. You create them. Work hard in silence, let your success be your noise. Don't be afraid to give up the good to go for the great. Framework
GraphQL Edge Computing Optimization Firewalls Cache Invalidation UX Optimization Server Response Containerization Container Orchestration Work hard in silence, let your success be your noise. A/B Testing React
GraphQL Database API Agile Quantum Computing Parallel Processing Deployment Sharding OAuth Version Control Kafka
Parallel Processing Edge Computing Serverless Microservices Data Science Dream big and dare to fail. Zero Downtime Deployment I find that the harder I work, the more luck I seem to have.
Multi-threading Parallel Processing DevOps Logging Agile Scalability Artificial Intelligence Event-driven Architecture Testing GraphQL Zero Downtime Deployment UX Optimization
CI/CD Cloud Functions Python Data Pipeline Zero Downtime Deployment Testing Automation To be the best, you must be able to handle the worst. Stay hungry, stay foolish. Difficult roads often lead to beautiful destinations. Serverless IoT
