GraphQL Data Pipeline Lambda Functions React Testing Zero Downtime Deployment Algorithm Cloud Functions
Testing WebSockets Security Container Orchestration Happiness is not something ready made. It comes from your own actions. Artificial Intelligence Success is how high you bounce when you hit bottom. OAuth
